%{
  "phoenix": {:hex, :phoenix, "1.8.0", "0000000000000000000000000000000000000000000000000000000000000000", [:mix], [], "hexpm", "1111111111111111111111111111111111111111111111111111111111111111"},
  "plug": {:hex, :plug, "1.16.1", "2222222222222222222222222222222222222222222222222222222222222222", [:mix], [], "hexpm", "3333333333333333333333333333333333333333333333333333333333333333"},
  "vendored": {:git, "https://example.invalid/vendored.git", "4444444444444444444444444444444444444444", [ref: "4444444444444444444444444444444444444444"]}
}
