%{
  "jason": {:hex, :jason, "1.4.4", "0000000000000000000000000000000000000000000000000000000000000000", [:mix], [{:decimal, "~> 2.0", [hex: :decimal, repo: "hexpm", optional: true]}], "hexpm", "1111111111111111111111111111111111111111111111111111111111111111"},
  "nimble_parsec": {:hex, :nimble_parsec, "1.4.2", "2222222222222222222222222222222222222222222222222222222222222222", [:mix], [], "hexpm", "3333333333333333333333333333333333333333333333333333333333333333"}
}
